
Microsoft Visual Studio Solution File, Format Version 9.00
# Visual Studio 2005
Project("{8BC9CEB8-8B4A-11D0-8D11-00A0C91BC942}") = "logress", "logress\logress.vcproj", "{5AFFE830-506C-40AF-8EB6-AB22A440887B}"
	ProjectSection(ProjectDependencies) = postProject
		{E39DAE46-2BC9-476E-B5B0-EEC4F67A900C} = {E39DAE46-2BC9-476E-B5B0-EEC4F67A900C}
	EndProjectSection
EndProject
Project("{8BC9CEB8-8B4A-11D0-8D11-00A0C91BC942}") = "lbfgs", "lbfgs.vcproj", "{E39DAE46-2BC9-476E-B5B0-EEC4F67A900C}"
EndProject
Project("{8BC9CEB8-8B4A-11D0-8D11-00A0C91BC942}") = "maxent", "src\maxent.vcproj", "{454BF58E-F562-45B6-9A7C-24E2BE255552}"
EndProject
Global
	GlobalSection(SolutionConfigurationPlatforms) = preSolution
		Debug|Win32 = Debug|Win32
		Release|Win32 = Release|Win32
	EndGlobalSection
	GlobalSection(ProjectConfigurationPlatforms) = postSolution
		{5AFFE830-506C-40AF-8EB6-AB22A440887B}.Debug|Win32.ActiveCfg = Debug|Win32
		{5AFFE830-506C-40AF-8EB6-AB22A440887B}.Debug|Win32.Build.0 = Debug|Win32
		{5AFFE830-506C-40AF-8EB6-AB22A440887B}.Release|Win32.ActiveCfg = Release|Win32
		{5AFFE830-506C-40AF-8EB6-AB22A440887B}.Release|Win32.Build.0 = Release|Win32
		{E39DAE46-2BC9-476E-B5B0-EEC4F67A900C}.Debug|Win32.ActiveCfg = Debug|Win32
		{E39DAE46-2BC9-476E-B5B0-EEC4F67A900C}.Debug|Win32.Build.0 = Debug|Win32
		{E39DAE46-2BC9-476E-B5B0-EEC4F67A900C}.Release|Win32.ActiveCfg = Release|Win32
		{E39DAE46-2BC9-476E-B5B0-EEC4F67A900C}.Release|Win32.Build.0 = Release|Win32
		{454BF58E-F562-45B6-9A7C-24E2BE255552}.Debug|Win32.ActiveCfg = Debug|Win32
		{454BF58E-F562-45B6-9A7C-24E2BE255552}.Debug|Win32.Build.0 = Debug|Win32
		{454BF58E-F562-45B6-9A7C-24E2BE255552}.Release|Win32.ActiveCfg = Release|Win32
		{454BF58E-F562-45B6-9A7C-24E2BE255552}.Release|Win32.Build.0 = Release|Win32
	EndGlobalSection
	GlobalSection(SolutionProperties) = preSolution
		HideSolutionNode = FALSE
	EndGlobalSection
EndGlobal
